
Microsoft Visual Studio Solution File, Format Version 12.00
# Visual Studio 15
VisualStudioVersion = 15.0.26228.4
MinimumVisualStudioVersion = 10.0.40219.1
Project("{FAE04EC0-301F-11D3-BF4B-00C04F79EFBC}") = "ServerWCF", "ServerWCF\ServerWCF.csproj", "{43250328-26E9-4DD8-AE6D-D00DF33EC160}"
EndProject
Project("{FAE04EC0-301F-11D3-BF4B-00C04F79EFBC}") = "ClientWPF", "ClientWPF\ClientWPF.csproj", "{F77843F2-9725-4A3A-BB59-873A861B7E75}"
	ProjectSection(ProjectDependencies) = postProject
		{43250328-26E9-4DD8-AE6D-D00DF33EC160} = {43250328-26E9-4DD8-AE6D-D00DF33EC160}
	EndProjectSection
EndProject
Project("{FAE04EC0-301F-11D3-BF4B-00C04F79EFBC}") = "ClientCUI", "ClientCUI\ClientCUI.csproj", "{6A61495E-F48C-4785-8183-6282451105E2}"
EndProject
Project("{FAE04EC0-301F-11D3-BF4B-00C04F79EFBC}") = "RailwayServiceConsoleHost", "RailwayServiceConsoleHost\RailwayServiceConsoleHost.csproj", "{E6E6E206-209B-42B4-9D91-759522E3D437}"
EndProject
Project("{FAE04EC0-301F-11D3-BF4B-00C04F79EFBC}") = "RailwayService.ConsoleClient", "RailwayService.ConsoleClient\RailwayService.ConsoleClient.csproj", "{94196558-1C56-4D59-AE6E-2078160C8EB0}"
EndProject
Global
	GlobalSection(SolutionConfigurationPlatforms) = preSolution
		Debug|Any CPU = Debug|Any CPU
		Release|Any CPU = Release|Any CPU
	EndGlobalSection
	GlobalSection(ProjectConfigurationPlatforms) = postSolution
		{43250328-26E9-4DD8-AE6D-D00DF33EC160}.Debug|Any CPU.ActiveCfg = Debug|Any CPU
		{43250328-26E9-4DD8-AE6D-D00DF33EC160}.Debug|Any CPU.Build.0 = Debug|Any CPU
		{43250328-26E9-4DD8-AE6D-D00DF33EC160}.Release|Any CPU.ActiveCfg = Release|Any CPU
		{43250328-26E9-4DD8-AE6D-D00DF33EC160}.Release|Any CPU.Build.0 = Release|Any CPU
		{F77843F2-9725-4A3A-BB59-873A861B7E75}.Debug|Any CPU.ActiveCfg = Debug|Any CPU
		{F77843F2-9725-4A3A-BB59-873A861B7E75}.Debug|Any CPU.Build.0 = Debug|Any CPU
		{F77843F2-9725-4A3A-BB59-873A861B7E75}.Release|Any CPU.ActiveCfg = Release|Any CPU
		{F77843F2-9725-4A3A-BB59-873A861B7E75}.Release|Any CPU.Build.0 = Release|Any CPU
		{6A61495E-F48C-4785-8183-6282451105E2}.Debug|Any CPU.ActiveCfg = Debug|Any CPU
		{6A61495E-F48C-4785-8183-6282451105E2}.Debug|Any CPU.Build.0 = Debug|Any CPU
		{6A61495E-F48C-4785-8183-6282451105E2}.Release|Any CPU.ActiveCfg = Release|Any CPU
		{6A61495E-F48C-4785-8183-6282451105E2}.Release|Any CPU.Build.0 = Release|Any CPU
		{E6E6E206-209B-42B4-9D91-759522E3D437}.Debug|Any CPU.ActiveCfg = Debug|Any CPU
		{E6E6E206-209B-42B4-9D91-759522E3D437}.Debug|Any CPU.Build.0 = Debug|Any CPU
		{E6E6E206-209B-42B4-9D91-759522E3D437}.Release|Any CPU.ActiveCfg = Release|Any CPU
		{E6E6E206-209B-42B4-9D91-759522E3D437}.Release|Any CPU.Build.0 = Release|Any CPU
		{94196558-1C56-4D59-AE6E-2078160C8EB0}.Debug|Any CPU.ActiveCfg = Debug|Any CPU
		{94196558-1C56-4D59-AE6E-2078160C8EB0}.Debug|Any CPU.Build.0 = Debug|Any CPU
		{94196558-1C56-4D59-AE6E-2078160C8EB0}.Release|Any CPU.ActiveCfg = Release|Any CPU
		{94196558-1C56-4D59-AE6E-2078160C8EB0}.Release|Any CPU.Build.0 = Release|Any CPU
	EndGlobalSection
	GlobalSection(SolutionProperties) = preSolution
		HideSolutionNode = FALSE
	EndGlobalSection
EndGlobal
